
Microsoft Visual Studio Solution File, Format Version 12.00
# Visual Studio 15
VisualStudioVersion = 15.0.27703.2026
MinimumVisualStudioVersion = 10.0.40219.1
Project("{FAE04EC0-301F-11D3-BF4B-00C04F79EFBC}") = "Warsztaty.Web", "Warsztaty.Web\Warsztaty.Web.csproj", "{953464B5-D3A7-457F-A822-7176C5C4A056}"
EndProject
Project("{FAE04EC0-301F-11D3-BF4B-00C04F79EFBC}") = "Warsztaty.ViewModel", "Warsztaty.ViewModel\Warsztaty.ViewModel.csproj", "{38E6E8C9-6537-4DD9-A6CD-E02639367875}"
EndProject
Project("{FAE04EC0-301F-11D3-BF4B-00C04F79EFBC}") = "Warsztaty.Core", "Warsztaty.Core\Warsztaty.Core.csproj", "{6B4BC433-8747-412C-899E-29D32D3E861B}"
EndProject
Global
	GlobalSection(SolutionConfigurationPlatforms) = preSolution
		Debug|Any CPU = Debug|Any CPU
		Release|Any CPU = Release|Any CPU
	EndGlobalSection
	GlobalSection(ProjectConfigurationPlatforms) = postSolution
		{953464B5-D3A7-457F-A822-7176C5C4A056}.Debug|Any CPU.ActiveCfg = Debug|Any CPU
		{953464B5-D3A7-457F-A822-7176C5C4A056}.Debug|Any CPU.Build.0 = Debug|Any CPU
		{953464B5-D3A7-457F-A822-7176C5C4A056}.Release|Any CPU.ActiveCfg = Release|Any CPU
		{953464B5-D3A7-457F-A822-7176C5C4A056}.Release|Any CPU.Build.0 = Release|Any CPU
		{38E6E8C9-6537-4DD9-A6CD-E02639367875}.Debug|Any CPU.ActiveCfg = Debug|Any CPU
		{38E6E8C9-6537-4DD9-A6CD-E02639367875}.Debug|Any CPU.Build.0 = Debug|Any CPU
		{38E6E8C9-6537-4DD9-A6CD-E02639367875}.Release|Any CPU.ActiveCfg = Release|Any CPU
		{38E6E8C9-6537-4DD9-A6CD-E02639367875}.Release|Any CPU.Build.0 = Release|Any CPU
		{6B4BC433-8747-412C-899E-29D32D3E861B}.Debug|Any CPU.ActiveCfg = Debug|Any CPU
		{6B4BC433-8747-412C-899E-29D32D3E861B}.Debug|Any CPU.Build.0 = Debug|Any CPU
		{6B4BC433-8747-412C-899E-29D32D3E861B}.Release|Any CPU.ActiveCfg = Release|Any CPU
		{6B4BC433-8747-412C-899E-29D32D3E861B}.Release|Any CPU.Build.0 = Release|Any CPU
	EndGlobalSection
	GlobalSection(SolutionProperties) = preSolution
		HideSolutionNode = FALSE
	EndGlobalSection
	GlobalSection(ExtensibilityGlobals) = postSolution
		SolutionGuid = {F23E8EBF-A17D-4045-8685-B1EF2C753F88}
	EndGlobalSection
EndGlobal
